
Microsoft Visual Studio Solution File, Format Version 12.00
# Visual Studio 15
VisualStudioVersion = 15.0.28010.2036
MinimumVisualStudioVersion = 10.0.40219.1
Project("{FAE04EC0-301F-11D3-BF4B-00C04F79EFBC}") = "TestCodeCS", "TestCodeCS\TestCodeCS.csproj", "{916B1B23-477D-4F5B-A4CA-BFE69A6A7747}"
EndProject
Global
	GlobalSection(SolutionConfigurationPlatforms) = preSolution
		Debug|Any CPU = Debug|Any CPU
		Release|Any CPU = Release|Any CPU
	EndGlobalSection
	GlobalSection(ProjectConfigurationPlatforms) = postSolution
		{916B1B23-477D-4F5B-A4CA-BFE69A6A7747}.Debug|Any CPU.ActiveCfg = Debug|Any CPU
		{916B1B23-477D-4F5B-A4CA-BFE69A6A7747}.Debug|Any CPU.Build.0 = Debug|Any CPU
		{916B1B23-477D-4F5B-A4CA-BFE69A6A7747}.Release|Any CPU.ActiveCfg = Release|Any CPU
		{916B1B23-477D-4F5B-A4CA-BFE69A6A7747}.Release|Any CPU.Build.0 = Release|Any CPU
	EndGlobalSection
	GlobalSection(SolutionProperties) = preSolution
		HideSolutionNode = FALSE
	EndGlobalSection
	GlobalSection(ExtensibilityGlobals) = postSolution
		SolutionGuid = {A07602BF-EA6D-45F8-8A01-91C6320518D5}
	EndGlobalSection
EndGlobal
